
Microsoft Visual Studio Solution File, Format Version 12.00
# Visual Studio Version 17
VisualStudioVersion = 17.0.31903.59
MinimumVisualStudioVersion = 10.0.40219.1
Project("{FAE04EC0-301F-11D3-BF4B-00C04F79EFBC}") = "Skynet.Api", "Skynet.Api\Skynet.Api.csproj", "{0C82764A-06BE-46F3-8B3D-A43B6BF92441}"
EndProject
Project("{FAE04EC0-301F-11D3-BF4B-00C04F79EFBC}") = "Skynet.Infrastructure", "Skynet.Infrastructure\Skynet.Infrastructure.csproj", "{C4561320-3155-42A0-9B87-CD86FEFEF3C9}"
EndProject
Project("{FAE04EC0-301F-11D3-BF4B-00C04F79EFBC}") = "Skynet.Core", "Skynet.Core\Skynet.Core.csproj", "{A0F7DE96-D6BB-48AC-BC55-12B4C64EB34C}"
EndProject
Global
	GlobalSection(SolutionConfigurationPlatforms) = preSolution
		Debug|Any CPU = Debug|Any CPU
		Release|Any CPU = Release|Any CPU
	EndGlobalSection
	GlobalSection(SolutionProperties) = preSolution
		HideSolutionNode = FALSE
	EndGlobalSection
	GlobalSection(ProjectConfigurationPlatforms) = postSolution
		{0C82764A-06BE-46F3-8B3D-A43B6BF92441}.Debug|Any CPU.ActiveCfg = Debug|Any CPU
		{0C82764A-06BE-46F3-8B3D-A43B6BF92441}.Debug|Any CPU.Build.0 = Debug|Any CPU
		{0C82764A-06BE-46F3-8B3D-A43B6BF92441}.Release|Any CPU.ActiveCfg = Release|Any CPU
		{0C82764A-06BE-46F3-8B3D-A43B6BF92441}.Release|Any CPU.Build.0 = Release|Any CPU
		{C4561320-3155-42A0-9B87-CD86FEFEF3C9}.Debug|Any CPU.ActiveCfg = Debug|Any CPU
		{C4561320-3155-42A0-9B87-CD86FEFEF3C9}.Debug|Any CPU.Build.0 = Debug|Any CPU
		{C4561320-3155-42A0-9B87-CD86FEFEF3C9}.Release|Any CPU.ActiveCfg = Release|Any CPU
		{C4561320-3155-42A0-9B87-CD86FEFEF3C9}.Release|Any CPU.Build.0 = Release|Any CPU
		{A0F7DE96-D6BB-48AC-BC55-12B4C64EB34C}.Debug|Any CPU.ActiveCfg = Debug|Any CPU
		{A0F7DE96-D6BB-48AC-BC55-12B4C64EB34C}.Debug|Any CPU.Build.0 = Debug|Any CPU
		{A0F7DE96-D6BB-48AC-BC55-12B4C64EB34C}.Release|Any CPU.ActiveCfg = Release|Any CPU
		{A0F7DE96-D6BB-48AC-BC55-12B4C64EB34C}.Release|Any CPU.Build.0 = Release|Any CPU
	EndGlobalSection
EndGlobal
